<Solution>
  <Folder Name="/src/">
    <Project Path="src/Application/Application.csproj" />
    <Project Path="src/Infrastructure/Infrastructure.csproj" />
    <Project Path="src/Shared/Shared.csproj" />
    <Project Path="src/WebApi/WebApi.csproj" />
  </Folder>
  <Folder Name="/tests/">
    <Project Path="tests/Application.Tests/Application.Tests.csproj" />
    <Project Path="tests/Infrastructure.Tests/Infrastructure.Tests.csproj" />
    <Project Path="tests/Tests.Shared/Tests.Shared.csproj" />
  </Folder>
</Solution>
